
Microsoft Visual Studio Solution File, Format Version 12.00
# Visual Studio 15
VisualStudioVersion = 15.0.28307.852
MinimumVisualStudioVersion = 10.0.40219.1
Project("{8BC9CEB8-8B4A-11D0-8D11-00A0C91BC942}") = "CppExport", "CppExport\CppExport.vcxproj", "{ED35F7C1-1C7B-4D0C-97B8-F0B635BF8F6F}"
EndProject
Project("{8BC9CEB8-8B4A-11D0-8D11-00A0C91BC942}") = "CppProject", "CppProject\CppProject.vcxproj", "{BC74DCC1-B36D-4A24-83F3-D5FA72F336A8}"
EndProject
Global
	GlobalSection(SolutionConfigurationPlatforms) = preSolution
		Debug|x64 = Debug|x64
		Debug|x86 = Debug|x86
		Release|x64 = Release|x64
		Release|x86 = Release|x86
	EndGlobalSection
	GlobalSection(ProjectConfigurationPlatforms) = postSolution
		{ED35F7C1-1C7B-4D0C-97B8-F0B635BF8F6F}.Debug|x64.ActiveCfg = Debug|x64
		{ED35F7C1-1C7B-4D0C-97B8-F0B635BF8F6F}.Debug|x64.Build.0 = Debug|x64
		{ED35F7C1-1C7B-4D0C-97B8-F0B635BF8F6F}.Debug|x86.ActiveCfg = Debug|Win32
		{ED35F7C1-1C7B-4D0C-97B8-F0B635BF8F6F}.Debug|x86.Build.0 = Debug|Win32
		{ED35F7C1-1C7B-4D0C-97B8-F0B635BF8F6F}.Release|x64.ActiveCfg = Release|x64
		{ED35F7C1-1C7B-4D0C-97B8-F0B635BF8F6F}.Release|x64.Build.0 = Release|x64
		{ED35F7C1-1C7B-4D0C-97B8-F0B635BF8F6F}.Release|x86.ActiveCfg = Release|Win32
		{ED35F7C1-1C7B-4D0C-97B8-F0B635BF8F6F}.Release|x86.Build.0 = Release|Win32
		{BC74DCC1-B36D-4A24-83F3-D5FA72F336A8}.Debug|x64.ActiveCfg = Debug|x64
		{BC74DCC1-B36D-4A24-83F3-D5FA72F336A8}.Debug|x64.Build.0 = Debug|x64
		{BC74DCC1-B36D-4A24-83F3-D5FA72F336A8}.Debug|x86.ActiveCfg = Debug|Win32
		{BC74DCC1-B36D-4A24-83F3-D5FA72F336A8}.Debug|x86.Build.0 = Debug|Win32
		{BC74DCC1-B36D-4A24-83F3-D5FA72F336A8}.Release|x64.ActiveCfg = Release|x64
		{BC74DCC1-B36D-4A24-83F3-D5FA72F336A8}.Release|x64.Build.0 = Release|x64
		{BC74DCC1-B36D-4A24-83F3-D5FA72F336A8}.Release|x86.ActiveCfg = Release|Win32
		{BC74DCC1-B36D-4A24-83F3-D5FA72F336A8}.Release|x86.Build.0 = Release|Win32
	EndGlobalSection
	GlobalSection(SolutionProperties) = preSolution
		HideSolutionNode = FALSE
	EndGlobalSection
	GlobalSection(ExtensibilityGlobals) = postSolution
		SolutionGuid = {B4417A6E-BFAE-4D9D-BF19-434C9510F744}
	EndGlobalSection
EndGlobal
